
Microsoft Visual Studio Solution File, Format Version 12.00
# Visual Studio Version 17
VisualStudioVersion = 17.5.33516.290
MinimumVisualStudioVersion = 10.0.40219.1
Project("{FAE04EC0-301F-11D3-BF4B-00C04F79EFBC}") = "TestBTL", "TestBTL\TestBTL.csproj", "{A910EF6E-308B-4200-87C9-BAAC5105366A}"
EndProject
Global
	GlobalSection(SolutionConfigurationPlatforms) = preSolution
		Debug|Any CPU = Debug|Any CPU
		Release|Any CPU = Release|Any CPU
	EndGlobalSection
	GlobalSection(ProjectConfigurationPlatforms) = postSolution
		{A910EF6E-308B-4200-87C9-BAAC5105366A}.Debug|Any CPU.ActiveCfg = Debug|Any CPU
		{A910EF6E-308B-4200-87C9-BAAC5105366A}.Debug|Any CPU.Build.0 = Debug|Any CPU
		{A910EF6E-308B-4200-87C9-BAAC5105366A}.Release|Any CPU.ActiveCfg = Release|Any CPU
		{A910EF6E-308B-4200-87C9-BAAC5105366A}.Release|Any CPU.Build.0 = Release|Any CPU
	EndGlobalSection
	GlobalSection(SolutionProperties) = preSolution
		HideSolutionNode = FALSE
	EndGlobalSection
	GlobalSection(ExtensibilityGlobals) = postSolution
		SolutionGuid = {4FDF5B92-8D1A-4E6B-92FA-1D5352B2D938}
	EndGlobalSection
EndGlobal
